
Microsoft Visual Studio Solution File, Format Version 12.00
# Visual Studio 15
VisualStudioVersion = 15.0.27130.2026
MinimumVisualStudioVersion = 10.0.40219.1
Project("{FAE04EC0-301F-11D3-BF4B-00C04F79EFBC}") = "SenseNetStackExchange", "SenseNetStackExchange/SenseNetStackExchange.csproj", "{4DF1F9FC-0383-4EC4-A184-2FDB4ED7508D}"
EndProject
Global
	GlobalSection(SolutionConfigurationPlatforms) = preSolution
		Debug|Any CPU = Debug|Any CPU
		Release|Any CPU = Release|Any CPU
	EndGlobalSection
	GlobalSection(ProjectConfigurationPlatforms) = postSolution
		{4DF1F9FC-0383-4EC4-A184-2FDB4ED7508D}.Debug|Any CPU.ActiveCfg = Debug|Any CPU
		{4DF1F9FC-0383-4EC4-A184-2FDB4ED7508D}.Debug|Any CPU.Build.0 = Debug|Any CPU
		{4DF1F9FC-0383-4EC4-A184-2FDB4ED7508D}.Release|Any CPU.ActiveCfg = Release|Any CPU
		{4DF1F9FC-0383-4EC4-A184-2FDB4ED7508D}.Release|Any CPU.Build.0 = Release|Any CPU
	EndGlobalSection
	GlobalSection(SolutionProperties) = preSolution
		HideSolutionNode = FALSE
	EndGlobalSection
	GlobalSection(ExtensibilityGlobals) = postSolution
		SolutionGuid = {5992920C-B86B-4E71-AEE6-83DCAF999735}
	EndGlobalSection
EndGlobal
